// !$*UTF8*$!
{
	archiveVersion = 1;
	classes = {
	};
	objectVersion = 46;
	objects = {

/* Begin PBXBuildFile section */
		631739C31BA9374100242094 /* InitialInformationViewController.swift in Sources */ = {isa = PBXBuildFile; fileRef = 631739C21BA9374100242094 /* InitialInformationViewController.swift */; };
		631739C51BA937CA00242094 /* HintOnceViewController.swift in Sources */ = {isa = PBXBuildFile; fileRef = 631739C41BA937CA00242094 /* HintOnceViewController.swift */; };
		631739C71BA938EF00242094 /* FirstPartStartViewController.swift in Sources */ = {isa = PBXBuildFile; fileRef = 631739C61BA938EF00242094 /* FirstPartStartViewController.swift */; };
		631739C91BA93A1500242094 /* SexPickerViewController.swift in Sources */ = {isa = PBXBuildFile; fileRef = 631739C81BA93A1500242094 /* SexPickerViewController.swift */; };
		631739CB1BA93EEF00242094 /* AgeViewController.swift in Sources */ = {isa = PBXBuildFile; fileRef = 631739CA1BA93EEF00242094 /* AgeViewController.swift */; };
		631739CD1BA94F8600242094 /* EducationalBackgroundPickerViewController.swift in Sources */ = {isa = PBXBuildFile; fileRef = 631739CC1BA94F8600242094 /* EducationalBackgroundPickerViewController.swift */; };
		631739CF1BA9526C00242094 /* CompanyLevelViewController.swift in Sources */ = {isa = PBXBuildFile; fileRef = 631739CE1BA9526C00242094 /* CompanyLevelViewController.swift */; };
		631739D11BA9546E00242094 /* DepartmentPickerViewController.swift in Sources */ = {isa = PBXBuildFile; fileRef = 631739D01BA9546E00242094 /* DepartmentPickerViewController.swift */; };
		631739D31BA956EC00242094 /* CompanyKindViewController.swift in Sources */ = {isa = PBXBuildFile; fileRef = 631739D21BA956EC00242094 /* CompanyKindViewController.swift */; };
		631739D51BA95D3600242094 /* SecondPartBossSexPickerViewController.swift in Sources */ = {isa = PBXBuildFile; fileRef = 631739D41BA95D3600242094 /* SecondPartBossSexPickerViewController.swift */; };
		631739D71BA95E2700242094 /* SecondPartBossPeopleViewController.swift in Sources */ = {isa = PBXBuildFile; fileRef = 631739D61BA95E2700242094 /* SecondPartBossPeopleViewController.swift */; };
		63E61E871BA685CA009F50DA /* AppDelegate.swift in Sources */ = {isa = PBXBuildFile; fileRef = 63E61E861BA685CA009F50DA /* AppDelegate.swift */; };
		63E61E891BA685CA009F50DA /* ViewController.swift in Sources */ = {isa = PBXBuildFile; fileRef = 63E61E881BA685CA009F50DA /* ViewController.swift */; };
		63E61E8C1BA685CA009F50DA /* Main.storyboard in Resources */ = {isa = PBXBuildFile; fileRef = 63E61E8A1BA685CA009F50DA /* Main.storyboard */; };
		63E61E8E1BA685CA009F50DA /* Images.xcassets in Resources */ = {isa = PBXBuildFile; fileRef = 63E61E8D1BA685CA009F50DA /* Images.xcassets */; };
		63E61E911BA685CA009F50DA /* LaunchScreen.xib in Resources */ = {isa = PBXBuildFile; fileRef = 63E61E8F1BA685CA009F50DA /* LaunchScreen.xib */; };
		63E61E9D1BA685CA009F50DA /* AnnGiNoCoreDataTests.swift in Sources */ = {isa = PBXBuildFile; fileRef = 63E61E9C1BA685CA009F50DA /* AnnGiNoCoreDataTests.swift */; };
		63E61EAD1BA685E4009F50DA /* Bolts.framework in Frameworks */ = {isa = PBXBuildFile; fileRef = 63E61EA61BA685E4009F50DA /* Bolts.framework */; };
		63E61EAE1BA685E4009F50DA /* Parse.framework in Frameworks */ = {isa = PBXBuildFile; fileRef = 63E61EA71BA685E4009F50DA /* Parse.framework */; };
		63E61EAF1BA685E4009F50DA /* ParseCrashReporting.framework in Frameworks */ = {isa = PBXBuildFile; fileRef = 63E61EA81BA685E4009F50DA /* ParseCrashReporting.framework */; };
		63E61EB01BA685E4009F50DA /* ParseFacebookUtils.framework in Frameworks */ = {isa = PBXBuildFile; fileRef = 63E61EA91BA685E4009F50DA /* ParseFacebookUtils.framework */; };
		63E61EB11BA685E4009F50DA /* ParseFacebookUtilsV4.framework in Frameworks */ = {isa = PBXBuildFile; fileRef = 63E61EAA1BA685E4009F50DA /* ParseFacebookUtilsV4.framework */; };
		63E61EB21BA685E4009F50DA /* ParseTwitterUtils.framework in Frameworks */ = {isa = PBXBuildFile; fileRef = 63E61EAB1BA685E4009F50DA /* ParseTwitterUtils.framework */; };
		63E61EB31BA685E4009F50DA /* ParseUI.framework in Frameworks */ = {isa = PBXBuildFile; fileRef = 63E61EAC1BA685E4009F50DA /* ParseUI.framework */; };
		63E61EB51BA685EB009F50DA /* AudioToolbox.framework in Frameworks */ = {isa = PBXBuildFile; fileRef = 63E61EB41BA685EB009F50DA /* AudioToolbox.framework */; };
		63E61EB71BA685F1009F50DA /* CFNetwork.framework in Frameworks */ = {isa = PBXBuildFile; fileRef = 63E61EB61BA685F1009F50DA /* CFNetwork.framework */; };
		63E61EB91BA685F8009F50DA /* CoreGraphics.framework in Frameworks */ = {isa = PBXBuildFile; fileRef = 63E61EB81BA685F8009F50DA /* CoreGraphics.framework */; };
		63E61EBB1BA685FD009F50DA /* CoreLocation.framework in Frameworks */ = {isa = PBXBuildFile; fileRef = 63E61EBA1BA685FD009F50DA /* CoreLocation.framework */; };
		63E61EBD1BA68602009F50DA /* MobileCoreServices.framework in Frameworks */ = {isa = PBXBuildFile; fileRef = 63E61EBC1BA68602009F50DA /* MobileCoreServices.framework */; };
		63E61EBF1BA68607009F50DA /* QuartzCore.framework in Frameworks */ = {isa = PBXBuildFile; fileRef = 63E61EBE1BA68607009F50DA /* QuartzCore.framework */; };
		63E61EC11BA6860D009F50DA /* Security.framework in Frameworks */ = {isa = PBXBuildFile; fileRef = 63E61EC01BA6860D009F50DA /* Security.framework */; };
		63E61EC31BA68612009F50DA /* StoreKit.framework in Frameworks */ = {isa = PBXBuildFile; fileRef = 63E61EC21BA68612009F50DA /* StoreKit.framework */; };
		63E61EC51BA68619009F50DA /* SystemConfiguration.framework in Frameworks */ = {isa = PBXBuildFile; fileRef = 63E61EC41BA68619009F50DA /* SystemConfiguration.framework */; };
		63E61EC71BA68621009F50DA /* libz.dylib in Frameworks */ = {isa = PBXBuildFile; fileRef = 63E61EC61BA68621009F50DA /* libz.dylib */; };
		63E61EC91BA6862A009F50DA /* libsqlite3.dylib in Frameworks */ = {isa = PBXBuildFile; fileRef = 63E61EC81BA6862A009F50DA /* libsqlite3.dylib */; };
		63FFC86E1BA6888F0029FC56 /* TestObject.swift in Sources */ = {isa = PBXBuildFile; fileRef = 63FFC86D1BA6888F0029FC56 /* TestObject.swift */; };
/* End PBXBuildFile section */

/* Begin PBXContainerItemProxy section */
		63E61E971BA685CA009F50DA /* PBXContainerItemProxy */ = {
			isa = PBXContainerItemProxy;
			containerPortal = 63E61E791BA685CA009F50DA /* Project object */;
			proxyType = 1;
			remoteGlobalIDString = 63E61E801BA685CA009F50DA;
			remoteInfo = AnnGiNoCoreData;
		};
/* End PBXContainerItemProxy section */

/* Begin PBXFileReference section */
		631739C21BA9374100242094 /* InitialInformationViewController.swift */ = {isa = PBXFileReference; fileEncoding = 4; lastKnownFileType = sourcecode.swift; path = InitialInformationViewController.swift; sourceTree = "<group>"; };
		631739C41BA937CA00242094 /* HintOnceViewController.swift */ = {isa = PBXFileReference; fileEncoding = 4; lastKnownFileType = sourcecode.swift; path = HintOnceViewController.swift; sourceTree = "<group>"; };
		631739C61BA938EF00242094 /* FirstPartStartViewController.swift */ = {isa = PBXFileReference; fileEncoding = 4; lastKnownFileType = sourcecode.swift; path = FirstPartStartViewController.swift; sourceTree = "<group>"; };
		631739C81BA93A1500242094 /* SexPickerViewController.swift */ = {isa = PBXFileReference; fileEncoding = 4; lastKnownFileType = sourcecode.swift; path = SexPickerViewController.swift; sourceTree = "<group>"; };
		631739CA1BA93EEF00242094 /* AgeViewController.swift */ = {isa = PBXFileReference; fileEncoding = 4; lastKnownFileType = sourcecode.swift; path = AgeViewController.swift; sourceTree = "<group>"; };
		631739CC1BA94F8600242094 /* EducationalBackgroundPickerViewController.swift */ = {isa = PBXFileReference; fileEncoding = 4; lastKnownFileType = sourcecode.swift; path = EducationalBackgroundPickerViewController.swift; sourceTree = "<group>"; };
		631739CE1BA9526C00242094 /* CompanyLevelViewController.swift */ = {isa = PBXFileReference; fileEncoding = 4; lastKnownFileType = sourcecode.swift; path = CompanyLevelViewController.swift; sourceTree = "<group>"; };
		631739D01BA9546E00242094 /* DepartmentPickerViewController.swift */ = {isa = PBXFileReference; fileEncoding = 4; lastKnownFileType = sourcecode.swift; path = DepartmentPickerViewController.swift; sourceTree = "<group>"; };
		631739D21BA956EC00242094 /* CompanyKindViewController.swift */ = {isa = PBXFileReference; fileEncoding = 4; lastKnownFileType = sourcecode.swift; path = CompanyKindViewController.swift; sourceTree = "<group>"; };
		631739D41BA95D3600242094 /* SecondPartBossSexPickerViewController.swift */ = {isa = PBXFileReference; fileEncoding = 4; lastKnownFileType = sourcecode.swift; path = SecondPartBossSexPickerViewController.swift; sourceTree = "<group>"; };
		631739D61BA95E2700242094 /* SecondPartBossPeopleViewController.swift */ = {isa = PBXFileReference; fileEncoding = 4; lastKnownFileType = sourcecode.swift; path = SecondPartBossPeopleViewController.swift; sourceTree = "<group>"; };
		63E61E811BA685CA009F50DA /* AnnGiNoCoreData.app */ = {isa = PBXFileReference; explicitFileType = wrapper.application; includeInIndex = 0; path = AnnGiNoCoreData.app; sourceTree = BUILT_PRODUCTS_DIR; };
		63E61E851BA685CA009F50DA /* Info.plist */ = {isa = PBXFileReference; lastKnownFileType = text.plist.xml; path = Info.plist; sourceTree = "<group>"; };
		63E61E861BA685CA009F50DA /* AppDelegate.swift */ = {isa = PBXFileReference; lastKnownFileType = sourcecode.swift; path = AppDelegate.swift; sourceTree = "<group>"; };
		63E61E881BA685CA009F50DA /* ViewController.swift */ = {isa = PBXFileReference; lastKnownFileType = sourcecode.swift; path = ViewController.swift; sourceTree = "<group>"; };
		63E61E8B1BA685CA009F50DA /* Base */ = {isa = PBXFileReference; lastKnownFileType = file.storyboard; name = Base; path = Base.lproj/Main.storyboard; sourceTree = "<group>"; };
		63E61E8D1BA685CA009F50DA /* Images.xcassets */ = {isa = PBXFileReference; lastKnownFileType = folder.assetcatalog; path = Images.xcassets; sourceTree = "<group>"; };
		63E61E901BA685CA009F50DA /* Base */ = {isa = PBXFileReference; lastKnownFileType = file.xib; name = Base; path = Base.lproj/LaunchScreen.xib; sourceTree = "<group>"; };
		63E61E961BA685CA009F50DA /* AnnGiNoCoreDataTests.xctest */ = {isa = PBXFileReference; explicitFileType = wrapper.cfbundle; includeInIndex = 0; path = AnnGiNoCoreDataTests.xctest; sourceTree = BUILT_PRODUCTS_DIR; };
		63E61E9B1BA685CA009F50DA /* Info.plist */ = {isa = PBXFileReference; lastKnownFileType = text.plist.xml; path = Info.plist; sourceTree = "<group>"; };
		63E61E9C1BA685CA009F50DA /* AnnGiNoCoreDataTests.swift */ = {isa = PBXFileReference; lastKnownFileType = sourcecode.swift; path = AnnGiNoCoreDataTests.swift; sourceTree = "<group>"; };
		63E61EA61BA685E4009F50DA /* Bolts.framework */ = {isa = PBXFileReference; lastKnownFileType = wrapper.framework; path = Bolts.framework; sourceTree = "<group>"; };
		63E61EA71BA685E4009F50DA /* Parse.framework */ = {isa = PBXFileReference; lastKnownFileType = wrapper.framework; path = Parse.framework; sourceTree = "<group>"; };
		63E61EA81BA685E4009F50DA /* ParseCrashReporting.framework */ = {isa = PBXFileReference; lastKnownFileType = wrapper.framework; path = ParseCrashReporting.framework; sourceTree = "<group>"; };
		63E61EA91BA685E4009F50DA /* ParseFacebookUtils.framework */ = {isa = PBXFileReference; lastKnownFileType = wrapper.framework; path = ParseFacebookUtils.framework; sourceTree = "<group>"; };
		63E61EAA1BA685E4009F50DA /* ParseFacebookUtilsV4.framework */ = {isa = PBXFileReference; lastKnownFileType = wrapper.framework; path = ParseFacebookUtilsV4.framework; sourceTree = "<group>"; };
		63E61EAB1BA685E4009F50DA /* ParseTwitterUtils.framework */ = {isa = PBXFileReference; lastKnownFileType = wrapper.framework; path = ParseTwitterUtils.framework; sourceTree = "<group>"; };
		63E61EAC1BA685E4009F50DA /* ParseUI.framework */ = {isa = PBXFileReference; lastKnownFileType = wrapper.framework; path = ParseUI.framework; sourceTree = "<group>"; };
		63E61EB41BA685EB009F50DA /* AudioToolbox.framework */ = {isa = PBXFileReference; lastKnownFileType = wrapper.framework; name = AudioToolbox.framework; path = System/Library/Frameworks/AudioToolbox.framework; sourceTree = SDKROOT; };
		63E61EB61BA685F1009F50DA /* CFNetwork.framework */ = {isa = PBXFileReference; lastKnownFileType = wrapper.framework; name = CFNetwork.framework; path = System/Library/Frameworks/CFNetwork.framework; sourceTree = SDKROOT; };
		63E61EB81BA685F8009F50DA /* CoreGraphics.framework */ = {isa = PBXFileReference; lastKnownFileType = wrapper.framework; name = CoreGraphics.framework; path = System/Library/Frameworks/CoreGraphics.framework; sourceTree = SDKROOT; };
		63E61EBA1BA685FD009F50DA /* CoreLocation.framework */ = {isa = PBXFileReference; lastKnownFileType = wrapper.framework; name = CoreLocation.framework; path = System/Library/Frameworks/CoreLocation.framework; sourceTree = SDKROOT; };
		63E61EBC1BA68602009F50DA /* MobileCoreServices.framework */ = {isa = PBXFileReference; lastKnownFileType = wrapper.framework; name = MobileCoreServices.framework; path = System/Library/Frameworks/MobileCoreServices.framework; sourceTree = SDKROOT; };
		63E61EBE1BA68607009F50DA /* QuartzCore.framework */ = {isa = PBXFileReference; lastKnownFileType = wrapper.framework; name = QuartzCore.framework; path = System/Library/Frameworks/QuartzCore.framework; sourceTree = SDKROOT; };
		63E61EC01BA6860D009F50DA /* Security.framework */ = {isa = PBXFileReference; lastKnownFileType = wrapper.framework; name = Security.framework; path = System/Library/Frameworks/Security.framework; sourceTree = SDKROOT; };
		63E61EC21BA68612009F50DA /* StoreKit.framework */ = {isa = PBXFileReference; lastKnownFileType = wrapper.framework; name = StoreKit.framework; path = System/Library/Frameworks/StoreKit.framework; sourceTree = SDKROOT; };
		63E61EC41BA68619009F50DA /* SystemConfiguration.framework */ = {isa = PBXFileReference; lastKnownFileType = wrapper.framework; name = SystemConfiguration.framework; path = System/Library/Frameworks/SystemConfiguration.framework; sourceTree = SDKROOT; };
		63E61EC61BA68621009F50DA /* libz.dylib */ = {isa = PBXFileReference; lastKnownFileType = "compiled.mach-o.dylib"; name = libz.dylib; path = usr/lib/libz.dylib; sourceTree = SDKROOT; };
		63E61EC81BA6862A009F50DA /* libsqlite3.dylib */ = {isa = PBXFileReference; lastKnownFileType = "compiled.mach-o.dylib"; name = libsqlite3.dylib; path = usr/lib/libsqlite3.dylib; sourceTree = SDKROOT; };
		63FFC86D1BA6888F0029FC56 /* TestObject.swift */ = {isa = PBXFileReference; fileEncoding = 4; lastKnownFileType = sourcecode.swift; path = TestObject.swift; sourceTree = "<group>"; };
/* End PBXFileReference section */

/* Begin PBXFrameworksBuildPhase section */
		63E61E7E1BA685CA009F50DA /* Frameworks */ = {
			isa = PBXFrameworksBuildPhase;
			buildActionMask = 2147483647;
			files = (
				63E61EC91BA6862A009F50DA /* libsqlite3.dylib in Frameworks */,
				63E61EC71BA68621009F50DA /* libz.dylib in Frameworks */,
				63E61EC51BA68619009F50DA /* SystemConfiguration.framework in Frameworks */,
				63E61EC31BA68612009F50DA /* StoreKit.framework in Frameworks */,
				63E61EC11BA6860D009F50DA /* Security.framework in Frameworks */,
				63E61EBF1BA68607009F50DA /* QuartzCore.framework in Frameworks */,
				63E61EBD1BA68602009F50DA /* MobileCoreServices.framework in Frameworks */,
				63E61EBB1BA685FD009F50DA /* CoreLocation.framework in Frameworks */,
				63E61EB91BA685F8009F50DA /* CoreGraphics.framework in Frameworks */,
				63E61EB71BA685F1009F50DA /* CFNetwork.framework in Frameworks */,
				63E61EB51BA685EB009F50DA /* AudioToolbox.framework in Frameworks */,
				63E61EAE1BA685E4009F50DA /* Parse.framework in Frameworks */,
				63E61EAF1BA685E4009F50DA /* ParseCrashReporting.framework in Frameworks */,
				63E61EB31BA685E4009F50DA /* ParseUI.framework in Frameworks */,
				63E61EB01BA685E4009F50DA /* ParseFacebookUtils.framework in Frameworks */,
				63E61EAD1BA685E4009F50DA /* Bolts.framework in Frameworks */,
				63E61EB21BA685E4009F50DA /* ParseTwitterUtils.framework in Frameworks */,
				63E61EB11BA685E4009F50DA /* ParseFacebookUtilsV4.framework in Frameworks */,
			);
			runOnlyForDeploymentPostprocessing = 0;
		};
		63E61E931BA685CA009F50DA /* Frameworks */ = {
			isa = PBXFrameworksBuildPhase;
			buildActionMask = 2147483647;
			files = (
			);
			runOnlyForDeploymentPostprocessing = 0;
		};
/* End PBXFrameworksBuildPhase section */

/* Begin PBXGroup section */
		63E61E781BA685CA009F50DA = {
			isa = PBXGroup;
			children = (
				631739D21BA956EC00242094 /* CompanyKindViewController.swift */,
				63E61EC81BA6862A009F50DA /* libsqlite3.dylib */,
				63E61EC61BA68621009F50DA /* libz.dylib */,
				63E61EC41BA68619009F50DA /* SystemConfiguration.framework */,
				63E61EC21BA68612009F50DA /* StoreKit.framework */,
				63E61EC01BA6860D009F50DA /* Security.framework */,
				63E61EBE1BA68607009F50DA /* QuartzCore.framework */,
				63E61EBC1BA68602009F50DA /* MobileCoreServices.framework */,
				63E61EBA1BA685FD009F50DA /* CoreLocation.framework */,
				63E61EB81BA685F8009F50DA /* CoreGraphics.framework */,
				63E61EB61BA685F1009F50DA /* CFNetwork.framework */,
				63E61EB41BA685EB009F50DA /* AudioToolbox.framework */,
				63E61E831BA685CA009F50DA /* AnnGiNoCoreData */,
				63E61E991BA685CA009F50DA /* AnnGiNoCoreDataTests */,
				63E61E821BA685CA009F50DA /* Products */,
			);
			sourceTree = "<group>";
		};
		63E61E821BA685CA009F50DA /* Products */ = {
			isa = PBXGroup;
			children = (
				63E61E811BA685CA009F50DA /* AnnGiNoCoreData.app */,
				63E61E961BA685CA009F50DA /* AnnGiNoCoreDataTests.xctest */,
			);
			name = Products;
			sourceTree = "<group>";
		};
		63E61E831BA685CA009F50DA /* AnnGiNoCoreData */ = {
			isa = PBXGroup;
			children = (
				63E61E861BA685CA009F50DA /* AppDelegate.swift */,
				63FFC86D1BA6888F0029FC56 /* TestObject.swift */,
				63E61E881BA685CA009F50DA /* ViewController.swift */,
				63E61E8A1BA685CA009F50DA /* Main.storyboard */,
				631739D41BA95D3600242094 /* SecondPartBossSexPickerViewController.swift */,
				631739D61BA95E2700242094 /* SecondPartBossPeopleViewController.swift */,
				631739D01BA9546E00242094 /* DepartmentPickerViewController.swift */,
				631739CE1BA9526C00242094 /* CompanyLevelViewController.swift */,
				631739CC1BA94F8600242094 /* EducationalBackgroundPickerViewController.swift */,
				631739CA1BA93EEF00242094 /* AgeViewController.swift */,
				631739C41BA937CA00242094 /* HintOnceViewController.swift */,
				631739C61BA938EF00242094 /* FirstPartStartViewController.swift */,
				631739C81BA93A1500242094 /* SexPickerViewController.swift */,
				631739C21BA9374100242094 /* InitialInformationViewController.swift */,
				63E61E8D1BA685CA009F50DA /* Images.xcassets */,
				63E61E8F1BA685CA009F50DA /* LaunchScreen.xib */,
				63E61EA61BA685E4009F50DA /* Bolts.framework */,
				63E61EA71BA685E4009F50DA /* Parse.framework */,
				63E61EA81BA685E4009F50DA /* ParseCrashReporting.framework */,
				63E61EA91BA685E4009F50DA /* ParseFacebookUtils.framework */,
				63E61EAA1BA685E4009F50DA /* ParseFacebookUtilsV4.framework */,
				63E61EAB1BA685E4009F50DA /* ParseTwitterUtils.framework */,
				63E61EAC1BA685E4009F50DA /* ParseUI.framework */,
				63E61E841BA685CA009F50DA /* Supporting Files */,
			);
			path = AnnGiNoCoreData;
			sourceTree = "<group>";
		};
		63E61E841BA685CA009F50DA /* Supporting Files */ = {
			isa = PBXGroup;
			children = (
				63E61E851BA685CA009F50DA /* Info.plist */,
			);
			name = "Supporting Files";
			sourceTree = "<group>";
		};
		63E61E991BA685CA009F50DA /* AnnGiNoCoreDataTests */ = {
			isa = PBXGroup;
			children = (
				63E61E9C1BA685CA009F50DA /* AnnGiNoCoreDataTests.swift */,
				63E61E9A1BA685CA009F50DA /* Supporting Files */,
			);
			path = AnnGiNoCoreDataTests;
			sourceTree = "<group>";
		};
		63E61E9A1BA685CA009F50DA /* Supporting Files */ = {
			isa = PBXGroup;
			children = (
				63E61E9B1BA685CA009F50DA /* Info.plist */,
			);
			name = "Supporting Files";
			sourceTree = "<group>";
		};
/* End PBXGroup section */

/* Begin PBXNativeTarget section */
		63E61E801BA685CA009F50DA /* AnnGiNoCoreData */ = {
			isa = PBXNativeTarget;
			buildConfigurationList = 63E61EA01BA685CA009F50DA /* Build configuration list for PBXNativeTarget "AnnGiNoCoreData" */;
			buildPhases = (
				63E61E7D1BA685CA009F50DA /* Sources */,
				63E61E7E1BA685CA009F50DA /* Frameworks */,
				63E61E7F1BA685CA009F50DA /* Resources */,
			);
			buildRules = (
			);
			dependencies = (
			);
			name = AnnGiNoCoreData;
			productName = AnnGiNoCoreData;
			productReference = 63E61E811BA685CA009F50DA /* AnnGiNoCoreData.app */;
			productType = "com.apple.product-type.application";
		};
		63E61E951BA685CA009F50DA /* AnnGiNoCoreDataTests */ = {
			isa = PBXNativeTarget;
			buildConfigurationList = 63E61EA31BA685CA009F50DA /* Build configuration list for PBXNativeTarget "AnnGiNoCoreDataTests" */;
			buildPhases = (
				63E61E921BA685CA009F50DA /* Sources */,
				63E61E931BA685CA009F50DA /* Frameworks */,
				63E61E941BA685CA009F50DA /* Resources */,
			);
			buildRules = (
			);
			dependencies = (
				63E61E981BA685CA009F50DA /* PBXTargetDependency */,
			);
			name = AnnGiNoCoreDataTests;
			productName = AnnGiNoCoreDataTests;
			productReference = 63E61E961BA685CA009F50DA /* AnnGiNoCoreDataTests.xctest */;
			productType = "com.apple.product-type.bundle.unit-test";
		};
/* End PBXNativeTarget section */

/* Begin PBXProject section */
		63E61E791BA685CA009F50DA /* Project object */ = {
			isa = PBXProject;
			attributes = {
				LastSwiftUpdateCheck = 0700;
				LastUpgradeCheck = 0640;
				ORGANIZATIONNAME = David;
				TargetAttributes = {
					63E61E801BA685CA009F50DA = {
						CreatedOnToolsVersion = 6.4;
					};
					63E61E951BA685CA009F50DA = {
						CreatedOnToolsVersion = 6.4;
						TestTargetID = 63E61E801BA685CA009F50DA;
					};
				};
			};
			buildConfigurationList = 63E61E7C1BA685CA009F50DA /* Build configuration list for PBXProject "AnnGiNoCoreData" */;
			compatibilityVersion = "Xcode 3.2";
			developmentRegion = English;
			hasScannedForEncodings = 0;
			knownRegions = (
				en,
				Base,
			);
			mainGroup = 63E61E781BA685CA009F50DA;
			productRefGroup = 63E61E821BA685CA009F50DA /* Products */;
			projectDirPath = "";
			projectRoot = "";
			targets = (
				63E61E801BA685CA009F50DA /* AnnGiNoCoreData */,
				63E61E951BA685CA009F50DA /* AnnGiNoCoreDataTests */,
			);
		};
/* End PBXProject section */

/* Begin PBXResourcesBuildPhase section */
		63E61E7F1BA685CA009F50DA /* Resources */ = {
			isa = PBXResourcesBuildPhase;
			buildActionMask = 2147483647;
			files = (
				63E61E8C1BA685CA009F50DA /* Main.storyboard in Resources */,
				63E61E911BA685CA009F50DA /* LaunchScreen.xib in Resources */,
				63E61E8E1BA685CA009F50DA /* Images.xcassets in Resources */,
			);
			runOnlyForDeploymentPostprocessing = 0;
		};
		63E61E941BA685CA009F50DA /* Resources */ = {
			isa = PBXResourcesBuildPhase;
			buildActionMask = 2147483647;
			files = (
			);
			runOnlyForDeploymentPostprocessing = 0;
		};
/* End PBXResourcesBuildPhase section */

/* Begin PBXSourcesBuildPhase section */
		63E61E7D1BA685CA009F50DA /* Sources */ = {
			isa = PBXSourcesBuildPhase;
			buildActionMask = 2147483647;
			files = (
				631739C31BA9374100242094 /* InitialInformationViewController.swift in Sources */,
				631739D71BA95E2700242094 /* SecondPartBossPeopleViewController.swift in Sources */,
				631739D11BA9546E00242094 /* DepartmentPickerViewController.swift in Sources */,
				631739D31BA956EC00242094 /* CompanyKindViewController.swift in Sources */,
				63FFC86E1BA6888F0029FC56 /* TestObject.swift in Sources */,
				63E61E891BA685CA009F50DA /* ViewController.swift in Sources */,
				631739C71BA938EF00242094 /* FirstPartStartViewController.swift in Sources */,
				631739D51BA95D3600242094 /* SecondPartBossSexPickerViewController.swift in Sources */,
				63E61E871BA685CA009F50DA /* AppDelegate.swift in Sources */,
				631739CD1BA94F8600242094 /* EducationalBackgroundPickerViewController.swift in Sources */,
				631739CF1BA9526C00242094 /* CompanyLevelViewController.swift in Sources */,
				631739C91BA93A1500242094 /* SexPickerViewController.swift in Sources */,
				631739CB1BA93EEF00242094 /* AgeViewController.swift in Sources */,
				631739C51BA937CA00242094 /* HintOnceViewController.swift in Sources */,
			);
			runOnlyForDeploymentPostprocessing = 0;
		};
		63E61E921BA685CA009F50DA /* Sources */ = {
			isa = PBXSourcesBuildPhase;
			buildActionMask = 2147483647;
			files = (
				63E61E9D1BA685CA009F50DA /* AnnGiNoCoreDataTests.swift in Sources */,
			);
			runOnlyForDeploymentPostprocessing = 0;
		};
/* End PBXSourcesBuildPhase section */

/* Begin PBXTargetDependency section */
		63E61E981BA685CA009F50DA /* PBXTargetDependency */ = {
			isa = PBXTargetDependency;
			target = 63E61E801BA685CA009F50DA /* AnnGiNoCoreData */;
			targetProxy = 63E61E971BA685CA009F50DA /* PBXContainerItemProxy */;
		};
/* End PBXTargetDependency section */

/* Begin PBXVariantGroup section */
		63E61E8A1BA685CA009F50DA /* Main.storyboard */ = {
			isa = PBXVariantGroup;
			children = (
				63E61E8B1BA685CA009F50DA /* Base */,
			);
			name = Main.storyboard;
			sourceTree = "<group>";
		};
		63E61E8F1BA685CA009F50DA /* LaunchScreen.xib */ = {
			isa = PBXVariantGroup;
			children = (
				63E61E901BA685CA009F50DA /* Base */,
			);
			name = LaunchScreen.xib;
			sourceTree = "<group>";
		};
/* End PBXVariantGroup section */

/* Begin XCBuildConfiguration section */
		63E61E9E1BA685CA009F50DA /* Debug */ = {
			isa = XCBuildConfiguration;
			buildSettings = {
				ALWAYS_SEARCH_USER_PATHS = NO;
				CLANG_CXX_LANGUAGE_STANDARD = "gnu++0x";
				CLANG_CXX_LIBRARY = "libc++";
				CLANG_ENABLE_MODULES = YES;
				CLANG_ENABLE_OBJC_ARC = YES;
				CLANG_WARN_BOOL_CONVERSION = YES;
				CLANG_WARN_CONSTANT_CONVERSION = YES;
				CLANG_WARN_DIRECT_OBJC_ISA_USAGE = YES_ERROR;
				CLANG_WARN_EMPTY_BODY = YES;
				CLANG_WARN_ENUM_CONVERSION = YES;
				CLANG_WARN_INT_CONVERSION = YES;
				CLANG_WARN_OBJC_ROOT_CLASS = YES_ERROR;
				CLANG_WARN_UNREACHABLE_CODE = YES;
				CLANG_WARN__DUPLICATE_METHOD_MATCH = YES;
				"CODE_SIGN_IDENTITY[sdk=iphoneos*]" = "iPhone Developer";
				COPY_PHASE_STRIP = NO;
				DEBUG_INFORMATION_FORMAT = "dwarf-with-dsym";
				ENABLE_STRICT_OBJC_MSGSEND = YES;
				GCC_C_LANGUAGE_STANDARD = gnu99;
				GCC_DYNAMIC_NO_PIC = NO;
				GCC_NO_COMMON_BLOCKS = YES;
				GCC_OPTIMIZATION_LEVEL = 0;
				GCC_PREPROCESSOR_DEFINITIONS = (
					"DEBUG=1",
					"$(inherited)",
				);
				GCC_SYMBOLS_PRIVATE_EXTERN = NO;
				GCC_WARN_64_TO_32_BIT_CONVERSION = YES;
				GCC_WARN_ABOUT_RETURN_TYPE = YES_ERROR;
				GCC_WARN_UNDECLARED_SELECTOR = YES;
				GCC_WARN_UNINITIALIZED_AUTOS = YES_AGGRESSIVE;
				GCC_WARN_UNUSED_FUNCTION = YES;
				GCC_WARN_UNUSED_VARIABLE = YES;
				IPHONEOS_DEPLOYMENT_TARGET = 8.4;
				MTL_ENABLE_DEBUG_INFO = YES;
				ONLY_ACTIVE_ARCH = YES;
				SDKROOT = iphoneos;
				SWIFT_OPTIMIZATION_LEVEL = "-Onone";
				TARGETED_DEVICE_FAMILY = "1,2";
			};
			name = Debug;
		};
		63E61E9F1BA685CA009F50DA /* Release */ = {
			isa = XCBuildConfiguration;
			buildSettings = {
				ALWAYS_SEARCH_USER_PATHS = NO;
				CLANG_CXX_LANGUAGE_STANDARD = "gnu++0x";
				CLANG_CXX_LIBRARY = "libc++";
				CLANG_ENABLE_MODULES = YES;
				CLANG_ENABLE_OBJC_ARC = YES;
				CLANG_WARN_BOOL_CONVERSION = YES;
				CLANG_WARN_CONSTANT_CONVERSION = YES;
				CLANG_WARN_DIRECT_OBJC_ISA_USAGE = YES_ERROR;
				CLANG_WARN_EMPTY_BODY = YES;
				CLANG_WARN_ENUM_CONVERSION = YES;
				CLANG_WARN_INT_CONVERSION = YES;
				CLANG_WARN_OBJC_ROOT_CLASS = YES_ERROR;
				CLANG_WARN_UNREACHABLE_CODE = YES;
				CLANG_WARN__DUPLICATE_METHOD_MATCH = YES;
				"CODE_SIGN_IDENTITY[sdk=iphoneos*]" = "iPhone Developer";
				COPY_PHASE_STRIP = NO;
				DEBUG_INFORMATION_FORMAT = "dwarf-with-dsym";
				ENABLE_NS_ASSERTIONS = NO;
				ENABLE_STRICT_OBJC_MSGSEND = YES;
				GCC_C_LANGUAGE_STANDARD = gnu99;
				GCC_NO_COMMON_BLOCKS = YES;
				GCC_WARN_64_TO_32_BIT_CONVERSION = YES;
				GCC_WARN_ABOUT_RETURN_TYPE = YES_ERROR;
				GCC_WARN_UNDECLARED_SELECTOR = YES;
				GCC_WARN_UNINITIALIZED_AUTOS = YES_AGGRESSIVE;
				GCC_WARN_UNUSED_FUNCTION = YES;
				GCC_WARN_UNUSED_VARIABLE = YES;
				IPHONEOS_DEPLOYMENT_TARGET = 8.4;
				MTL_ENABLE_DEBUG_INFO = NO;
				SDKROOT = iphoneos;
				TARGETED_DEVICE_FAMILY = "1,2";
				VALIDATE_PRODUCT = YES;
			};
			name = Release;
		};
		63E61EA11BA685CA009F50DA /* Debug */ = {
			isa = XCBuildConfiguration;
			buildSettings = {
				ASSETCATALOG_COMPILER_APPICON_NAME = AppIcon;
				FRAMEWORK_SEARCH_PATHS = (
					"$(inherited)",
					"$(PROJECT_DIR)/AnnGiNoCoreData",
				);
				INFOPLIST_FILE = AnnGiNoCoreData/Info.plist;
				LD_RUNPATH_SEARCH_PATHS = "$(inherited) @executable_path/Frameworks";
				PRODUCT_NAME = "$(TARGET_NAME)";
			};
			name = Debug;
		};
		63E61EA21BA685CA009F50DA /* Release */ = {
			isa = XCBuildConfiguration;
			buildSettings = {
				ASSETCATALOG_COMPILER_APPICON_NAME = AppIcon;
				FRAMEWORK_SEARCH_PATHS = (
					"$(inherited)",
					"$(PROJECT_DIR)/AnnGiNoCoreData",
				);
				INFOPLIST_FILE = AnnGiNoCoreData/Info.plist;
				LD_RUNPATH_SEARCH_PATHS = "$(inherited) @executable_path/Frameworks";
				PRODUCT_NAME = "$(TARGET_NAME)";
			};
			name = Release;
		};
		63E61EA41BA685CA009F50DA /* Debug */ = {
			isa = XCBuildConfiguration;
			buildSettings = {
				BUNDLE_LOADER = "$(TEST_HOST)";
				FRAMEWORK_SEARCH_PATHS = (
					"$(SDKROOT)/Developer/Library/Frameworks",
					"$(inherited)",
				);
				GCC_PREPROCESSOR_DEFINITIONS = (
					"DEBUG=1",
					"$(inherited)",
				);
				INFOPLIST_FILE = AnnGiNoCoreDataTests/Info.plist;
				LD_RUNPATH_SEARCH_PATHS = "$(inherited) @executable_path/Frameworks @loader_path/Frameworks";
				PRODUCT_NAME = "$(TARGET_NAME)";
				TEST_HOST = "$(BUILT_PRODUCTS_DIR)/AnnGiNoCoreData.app/AnnGiNoCoreData";
			};
			name = Debug;
		};
		63E61EA51BA685CA009F50DA /* Release */ = {
			isa = XCBuildConfiguration;
			buildSettings = {
				BUNDLE_LOADER = "$(TEST_HOST)";
				FRAMEWORK_SEARCH_PATHS = (
					"$(SDKROOT)/Developer/Library/Frameworks",
					"$(inherited)",
				);
				INFOPLIST_FILE = AnnGiNoCoreDataTests/Info.plist;
				LD_RUNPATH_SEARCH_PATHS = "$(inherited) @executable_path/Frameworks @loader_path/Frameworks";
				PRODUCT_NAME = "$(TARGET_NAME)";
				TEST_HOST = "$(BUILT_PRODUCTS_DIR)/AnnGiNoCoreData.app/AnnGiNoCoreData";
			};
			name = Release;
		};
/* End XCBuildConfiguration section */

/* Begin XCConfigurationList section */
		63E61E7C1BA685CA009F50DA /* Build configuration list for PBXProject "AnnGiNoCoreData" */ = {
			isa = XCConfigurationList;
			buildConfigurations = (
				63E61E9E1BA685CA009F50DA /* Debug */,
				63E61E9F1BA685CA009F50DA /* Release */,
			);
			defaultConfigurationIsVisible = 0;
			defaultConfigurationName = Release;
		};
		63E61EA01BA685CA009F50DA /* Build configuration list for PBXNativeTarget "AnnGiNoCoreData" */ = {
			isa = XCConfigurationList;
			buildConfigurations = (
				63E61EA11BA685CA009F50DA /* Debug */,
				63E61EA21BA685CA009F50DA /* Release */,
			);
			defaultConfigurationIsVisible = 0;
			defaultConfigurationName = Release;
		};
		63E61EA31BA685CA009F50DA /* Build configuration list for PBXNativeTarget "AnnGiNoCoreDataTests" */ = {
			isa = XCConfigurationList;
			buildConfigurations = (
				63E61EA41BA685CA009F50DA /* Debug */,
				63E61EA51BA685CA009F50DA /* Release */,
			);
			defaultConfigurationIsVisible = 0;
			defaultConfigurationName = Release;
		};
/* End XCConfigurationList section */
	};
	rootObject = 63E61E791BA685CA009F50DA /* Project object */;
}
